// !$*UTF8*$!
{
	archiveVersion = 1;
	classes = {
	};
	objectVersion = 77;
	objects = {

/* Begin PBXContainerItemProxy section */
		333695D52C8D6BEF002DBFF8 /* PBXContainerItemProxy */ = {
			isa = PBXContainerItemProxy;
			containerPortal = 333695B72C8D6BED002DBFF8 /* Project object */;
			proxyType = 1;
			remoteGlobalIDString = 333695BE2C8D6BED002DBFF8;
			remoteInfo = "Earthdawn Char Manager";
		};
		333695DF2C8D6BEF002DBFF8 /* PBXContainerItemProxy */ = {
			isa = PBXContainerItemProxy;
			containerPortal = 333695B72C8D6BED002DBFF8 /* Project object */;
			proxyType = 1;
			remoteGlobalIDString = 333695BE2C8D6BED002DBFF8;
			remoteInfo = "Earthdawn Char Manager";
		};
/* End PBXContainerItemProxy section */

/* Begin PBXFileReference section */
		333695BF2C8D6BED002DBFF8 /* Earthdawn Char Manager.app */ = {isa = PBXFileReference; explicitFileType = wrapper.application; includeInIndex = 0; path = "Earthdawn Char Manager.app"; sourceTree = BUILT_PRODUCTS_DIR; };
		333695D42C8D6BEF002DBFF8 /* Earthdawn Char ManagerTests.xctest */ = {isa = PBXFileReference; explicitFileType = wrapper.cfbundle; includeInIndex = 0; path = "Earthdawn Char ManagerTests.xctest"; sourceTree = BUILT_PRODUCTS_DIR; };
		333695DE2C8D6BEF002DBFF8 /* Earthdawn Char ManagerUITests.xctest */ = {isa = PBXFileReference; explicitFileType = wrapper.cfbundle; includeInIndex = 0; path = "Earthdawn Char ManagerUITests.xctest"; sourceTree = BUILT_PRODUCTS_DIR; };
/* End PBXFileReference section */

/* Begin PBXFileSystemSynchronizedRootGroup section */
		333695C12C8D6BED002DBFF8 /* Earthdawn Char Manager */ = {
			isa = PBXFileSystemSynchronizedRootGroup;
			path = "Earthdawn Char Manager";
			sourceTree = "<group>";
		};
		333695D72C8D6BEF002DBFF8 /* Earthdawn Char ManagerTests */ = {
			isa = PBXFileSystemSynchronizedRootGroup;
			path = "Earthdawn Char ManagerTests";
			sourceTree = "<group>";
		};
		333695E12C8D6BEF002DBFF8 /* Earthdawn Char ManagerUITests */ = {
			isa = PBXFileSystemSynchronizedRootGroup;
			path = "Earthdawn Char ManagerUITests";
			sourceTree = "<group>";
		};
/* End PBXFileSystemSynchronizedRootGroup section */

/* Begin PBXFrameworksBuildPhase section */
		333695BC2C8D6BED002DBFF8 /* Frameworks */ = {
			isa = PBXFrameworksBuildPhase;
			buildActionMask = 2147483647;
			files = (
			);
			runOnlyForDeploymentPostprocessing = 0;
		};
		333695D12C8D6BEF002DBFF8 /* Frameworks */ = {
			isa = PBXFrameworksBuildPhase;
			buildActionMask = 2147483647;
			files = (
			);
			runOnlyForDeploymentPostprocessing = 0;
		};
		333695DB2C8D6BEF002DBFF8 /* Frameworks */ = {
			isa = PBXFrameworksBuildPhase;
			buildActionMask = 2147483647;
			files = (
			);
			runOnlyForDeploymentPostprocessing = 0;
		};
/* End PBXFrameworksBuildPhase section */

/* Begin PBXGroup section */
		333695B62C8D6BED002DBFF8 = {
			isa = PBXGroup;
			children = (
				333695C12C8D6BED002DBFF8 /* Earthdawn Char Manager */,
				333695D72C8D6BEF002DBFF8 /* Earthdawn Char ManagerTests */,
				333695E12C8D6BEF002DBFF8 /* Earthdawn Char ManagerUITests */,
				333695C02C8D6BED002DBFF8 /* Products */,
			);
			sourceTree = "<group>";
		};
		333695C02C8D6BED002DBFF8 /* Products */ = {
			isa = PBXGroup;
			children = (
				333695BF2C8D6BED002DBFF8 /* Earthdawn Char Manager.app */,
				333695D42C8D6BEF002DBFF8 /* Earthdawn Char ManagerTests.xctest */,
				333695DE2C8D6BEF002DBFF8 /* Earthdawn Char ManagerUITests.xctest */,
			);
			name = Products;
			sourceTree = "<group>";
		};
/* End PBXGroup section */

/* Begin PBXNativeTarget section */
		333695BE2C8D6BED002DBFF8 /* Earthdawn Char Manager */ = {
			isa = PBXNativeTarget;
			buildConfigurationList = 333695E82C8D6BEF002DBFF8 /* Build configuration list for PBXNativeTarget "Earthdawn Char Manager" */;
			buildPhases = (
				333695BB2C8D6BED002DBFF8 /* Sources */,
				333695BC2C8D6BED002DBFF8 /* Frameworks */,
				333695BD2C8D6BED002DBFF8 /* Resources */,
			);
			buildRules = (
			);
			dependencies = (
			);
			fileSystemSynchronizedGroups = (
				333695C12C8D6BED002DBFF8 /* Earthdawn Char Manager */,
			);
			name = "Earthdawn Char Manager";
			packageProductDependencies = (
			);
			productName = "Earthdawn Char Manager";
			productReference = 333695BF2C8D6BED002DBFF8 /* Earthdawn Char Manager.app */;
			productType = "com.apple.product-type.application";
		};
		333695D32C8D6BEF002DBFF8 /* Earthdawn Char ManagerTests */ = {
			isa = PBXNativeTarget;
			buildConfigurationList = 333695EB2C8D6BEF002DBFF8 /* Build configuration list for PBXNativeTarget "Earthdawn Char ManagerTests" */;
			buildPhases = (
				333695D02C8D6BEF002DBFF8 /* Sources */,
				333695D12C8D6BEF002DBFF8 /* Frameworks */,
				333695D22C8D6BEF002DBFF8 /* Resources */,
			);
			buildRules = (
			);
			dependencies = (
				333695D62C8D6BEF002DBFF8 /* PBXTargetDependency */,
			);
			fileSystemSynchronizedGroups = (
				333695D72C8D6BEF002DBFF8 /* Earthdawn Char ManagerTests */,
			);
			name = "Earthdawn Char ManagerTests";
			packageProductDependencies = (
			);
			productName = "Earthdawn Char ManagerTests";
			productReference = 333695D42C8D6BEF002DBFF8 /* Earthdawn Char ManagerTests.xctest */;
			productType = "com.apple.product-type.bundle.unit-test";
		};
		333695DD2C8D6BEF002DBFF8 /* Earthdawn Char ManagerUITests */ = {
			isa = PBXNativeTarget;
			buildConfigurationList = 333695EE2C8D6BEF002DBFF8 /* Build configuration list for PBXNativeTarget "Earthdawn Char ManagerUITests" */;
			buildPhases = (
				333695DA2C8D6BEF002DBFF8 /* Sources */,
				333695DB2C8D6BEF002DBFF8 /* Frameworks */,
				333695DC2C8D6BEF002DBFF8 /* Resources */,
			);
			buildRules = (
			);
			dependencies = (
				333695E02C8D6BEF002DBFF8 /* PBXTargetDependency */,
			);
			fileSystemSynchronizedGroups = (
				333695E12C8D6BEF002DBFF8 /* Earthdawn Char ManagerUITests */,
			);
			name = "Earthdawn Char ManagerUITests";
			packageProductDependencies = (
			);
			productName = "Earthdawn Char ManagerUITests";
			productReference = 333695DE2C8D6BEF002DBFF8 /* Earthdawn Char ManagerUITests.xctest */;
			productType = "com.apple.product-type.bundle.ui-testing";
		};
/* End PBXNativeTarget section */

/* Begin PBXProject section */
		333695B72C8D6BED002DBFF8 /* Project object */ = {
			isa = PBXProject;
			attributes = {
				BuildIndependentTargetsInParallel = 1;
				LastSwiftUpdateCheck = 1610;
				LastUpgradeCheck = 1610;
				TargetAttributes = {
					333695BE2C8D6BED002DBFF8 = {
						CreatedOnToolsVersion = 16.1;
					};
					333695D32C8D6BEF002DBFF8 = {
						CreatedOnToolsVersion = 16.1;
						TestTargetID = 333695BE2C8D6BED002DBFF8;
					};
					333695DD2C8D6BEF002DBFF8 = {
						CreatedOnToolsVersion = 16.1;
						TestTargetID = 333695BE2C8D6BED002DBFF8;
					};
				};
			};
			buildConfigurationList = 333695BA2C8D6BED002DBFF8 /* Build configuration list for PBXProject "Earthdawn Char Manager" */;
			developmentRegion = en;
			hasScannedForEncodings = 0;
			knownRegions = (
				en,
				Base,
			);
			mainGroup = 333695B62C8D6BED002DBFF8;
			minimizedProjectReferenceProxies = 1;
			preferredProjectObjectVersion = 77;
			productRefGroup = 333695C02C8D6BED002DBFF8 /* Products */;
			projectDirPath = "";
			projectRoot = "";
			targets = (
				333695BE2C8D6BED002DBFF8 /* Earthdawn Char Manager */,
				333695D32C8D6BEF002DBFF8 /* Earthdawn Char ManagerTests */,
				333695DD2C8D6BEF002DBFF8 /* Earthdawn Char ManagerUITests */,
			);
		};
/* End PBXProject section */

/* Begin PBXResourcesBuildPhase section */
		333695BD2C8D6BED002DBFF8 /* Resources */ = {
			isa = PBXResourcesBuildPhase;
			buildActionMask = 2147483647;
			files = (
			);
			runOnlyForDeploymentPostprocessing = 0;
		};
		333695D22C8D6BEF002DBFF8 /* Resources */ = {
			isa = PBXResourcesBuildPhase;
			buildActionMask = 2147483647;
			files = (
			);
			runOnlyForDeploymentPostprocessing = 0;
		};
		333695DC2C8D6BEF002DBFF8 /* Resources */ = {
			isa = PBXResourcesBuildPhase;
			buildActionMask = 2147483647;
			files = (
			);
			runOnlyForDeploymentPostprocessing = 0;
		};
/* End PBXResourcesBuildPhase section */

/* Begin PBXSourcesBuildPhase section */
		333695BB2C8D6BED002DBFF8 /* Sources */ = {
			isa = PBXSourcesBuildPhase;
			buildActionMask = 2147483647;
			files = (
			);
			runOnlyForDeploymentPostprocessing = 0;
		};
		333695D02C8D6BEF002DBFF8 /* Sources */ = {
			isa = PBXSourcesBuildPhase;
			buildActionMask = 2147483647;
			files = (
			);
			runOnlyForDeploymentPostprocessing = 0;
		};
		333695DA2C8D6BEF002DBFF8 /* Sources */ = {
			isa = PBXSourcesBuildPhase;
			buildActionMask = 2147483647;
			files = (
			);
			runOnlyForDeploymentPostprocessing = 0;
		};
/* End PBXSourcesBuildPhase section */

/* Begin PBXTargetDependency section */
		333695D62C8D6BEF002DBFF8 /* PBXTargetDependency */ = {
			isa = PBXTargetDependency;
			target = 333695BE2C8D6BED002DBFF8 /* Earthdawn Char Manager */;
			targetProxy = 333695D52C8D6BEF002DBFF8 /* PBXContainerItemProxy */;
		};
		333695E02C8D6BEF002DBFF8 /* PBXTargetDependency */ = {
			isa = PBXTargetDependency;
			target = 333695BE2C8D6BED002DBFF8 /* Earthdawn Char Manager */;
			targetProxy = 333695DF2C8D6BEF002DBFF8 /* PBXContainerItemProxy */;
		};
/* End PBXTargetDependency section */

/* Begin XCBuildConfiguration section */
		333695E62C8D6BEF002DBFF8 /* Debug */ = {
			isa = XCBuildConfiguration;
			buildSettings = {
				ALWAYS_SEARCH_USER_PATHS = NO;
				ASSETCATALOG_COMPILER_GENERATE_SWIFT_ASSET_SYMBOL_EXTENSIONS = YES;
				CLANG_ANALYZER_NONNULL = YES;
				CLANG_ANALYZER_NUMBER_OBJECT_CONVERSION = YES_AGGRESSIVE;
				CLANG_CXX_LANGUAGE_STANDARD = "gnu++20";
				CLANG_ENABLE_MODULES = YES;
				CLANG_ENABLE_OBJC_ARC = YES;
				CLANG_ENABLE_OBJC_WEAK = YES;
				CLANG_WARN_BLOCK_CAPTURE_AUTORELEASING = YES;
				CLANG_WARN_BOOL_CONVERSION = YES;
				CLANG_WARN_COMMA = YES;
				CLANG_WARN_CONSTANT_CONVERSION = YES;
				CLANG_WARN_DEPRECATED_OBJC_IMPLEMENTATIONS = YES;
				CLANG_WARN_DIRECT_OBJC_ISA_USAGE = YES_ERROR;
				CLANG_WARN_DOCUMENTATION_COMMENTS = YES;
				CLANG_WARN_EMPTY_BODY = YES;
				CLANG_WARN_ENUM_CONVERSION = YES;
				CLANG_WARN_INFINITE_RECURSION = YES;
				CLANG_WARN_INT_CONVERSION = YES;
				CLANG_WARN_NON_LITERAL_NULL_CONVERSION = YES;
				CLANG_WARN_OBJC_IMPLICIT_RETAIN_SELF = YES;
				CLANG_WARN_OBJC_LITERAL_CONVERSION = YES;
				CLANG_WARN_OBJC_ROOT_CLASS = YES_ERROR;
				CLANG_WARN_QUOTED_INCLUDE_IN_FRAMEWORK_HEADER = YES;
				CLANG_WARN_RANGE_LOOP_ANALYSIS = YES;
				CLANG_WARN_STRICT_PROTOTYPES = YES;
				CLANG_WARN_SUSPICIOUS_MOVE = YES;
				CLANG_WARN_UNGUARDED_AVAILABILITY = YES_AGGRESSIVE;
				CLANG_WARN_UNREACHABLE_CODE = YES;
				CLANG_WARN__DUPLICATE_METHOD_MATCH = YES;
				COPY_PHASE_STRIP = NO;
				DEBUG_INFORMATION_FORMAT = dwarf;
				ENABLE_STRICT_OBJC_MSGSEND = YES;
				ENABLE_TESTABILITY = YES;
				ENABLE_USER_SCRIPT_SANDBOXING = YES;
				GCC_C_LANGUAGE_STANDARD = gnu17;
				GCC_DYNAMIC_NO_PIC = NO;
				GCC_NO_COMMON_BLOCKS = YES;
				GCC_OPTIMIZATION_LEVEL = 0;
				GCC_PREPROCESSOR_DEFINITIONS = (
					"DEBUG=1",
					"$(inherited)",
				);
				GCC_WARN_64_TO_32_BIT_CONVERSION = YES;
				GCC_WARN_ABOUT_RETURN_TYPE = YES_ERROR;
				GCC_WARN_UNDECLARED_SELECTOR = YES;
				GCC_WARN_UNINITIALIZED_AUTOS = YES_AGGRESSIVE;
				GCC_WARN_UNUSED_FUNCTION = YES;
				GCC_WARN_UNUSED_VARIABLE = YES;
				IPHONEOS_DEPLOYMENT_TARGET = 18.1;
				LOCALIZATION_PREFERS_STRING_CATALOGS = YES;
				MTL_ENABLE_DEBUG_INFO = INCLUDE_SOURCE;
				MTL_FAST_MATH = YES;
				ONLY_ACTIVE_ARCH = YES;
				SDKROOT = iphoneos;
				SWIFT_ACTIVE_COMPILATION_CONDITIONS = "DEBUG $(inherited)";
				SWIFT_OPTIMIZATION_LEVEL = "-Onone";
			};
			name = Debug;
		};
		333695E72C8D6BEF002DBFF8 /* Release */ = {
			isa = XCBuildConfiguration;
			buildSettings = {
				ALWAYS_SEARCH_USER_PATHS = NO;
				ASSETCATALOG_COMPILER_GENERATE_SWIFT_ASSET_SYMBOL_EXTENSIONS = YES;
				CLANG_ANALYZER_NONNULL = YES;
				CLANG_ANALYZER_NUMBER_OBJECT_CONVERSION = YES_AGGRESSIVE;
				CLANG_CXX_LANGUAGE_STANDARD = "gnu++20";
				CLANG_ENABLE_MODULES = YES;
				CLANG_ENABLE_OBJC_ARC = YES;
				CLANG_ENABLE_OBJC_WEAK = YES;
				CLANG_WARN_BLOCK_CAPTURE_AUTORELEASING = YES;
				CLANG_WARN_BOOL_CONVERSION = YES;
				CLANG_WARN_COMMA = YES;
				CLANG_WARN_CONSTANT_CONVERSION = YES;
				CLANG_WARN_DEPRECATED_OBJC_IMPLEMENTATIONS = YES;
				CLANG_WARN_DIRECT_OBJC_ISA_USAGE = YES_ERROR;
				CLANG_WARN_DOCUMENTATION_COMMENTS = YES;
				CLANG_WARN_EMPTY_BODY = YES;
				CLANG_WARN_ENUM_CONVERSION = YES;
				CLANG_WARN_INFINITE_RECURSION = YES;
				CLANG_WARN_INT_CONVERSION = YES;
				CLANG_WARN_NON_LITERAL_NULL_CONVERSION = YES;
				CLANG_WARN_OBJC_IMPLICIT_RETAIN_SELF = YES;
				CLANG_WARN_OBJC_LITERAL_CONVERSION = YES;
				CLANG_WARN_OBJC_ROOT_CLASS = YES_ERROR;
				CLANG_WARN_QUOTED_INCLUDE_IN_FRAMEWORK_HEADER = YES;
				CLANG_WARN_RANGE_LOOP_ANALYSIS = YES;
				CLANG_WARN_STRICT_PROTOTYPES = YES;
				CLANG_WARN_SUSPICIOUS_MOVE = YES;
				CLANG_WARN_UNGUARDED_AVAILABILITY = YES_AGGRESSIVE;
				CLANG_WARN_UNREACHABLE_CODE = YES;
				CLANG_WARN__DUPLICATE_METHOD_MATCH = YES;
				COPY_PHASE_STRIP = NO;
				DEBUG_INFORMATION_FORMAT = "dwarf-with-dsym";
				ENABLE_NS_ASSERTIONS = NO;
				ENABLE_STRICT_OBJC_MSGSEND = YES;
				ENABLE_USER_SCRIPT_SANDBOXING = YES;
				GCC_C_LANGUAGE_STANDARD = gnu17;
				GCC_NO_COMMON_BLOCKS = YES;
				GCC_WARN_64_TO_32_BIT_CONVERSION = YES;
				GCC_WARN_ABOUT_RETURN_TYPE = YES_ERROR;
				GCC_WARN_UNDECLARED_SELECTOR = YES;
				GCC_WARN_UNINITIALIZED_AUTOS = YES_AGGRESSIVE;
				GCC_WARN_UNUSED_FUNCTION = YES;
				GCC_WARN_UNUSED_VARIABLE = YES;
				IPHONEOS_DEPLOYMENT_TARGET = 18.1;
				LOCALIZATION_PREFERS_STRING_CATALOGS = YES;
				MTL_ENABLE_DEBUG_INFO = NO;
				MTL_FAST_MATH = YES;
				SDKROOT = iphoneos;
				SWIFT_COMPILATION_MODE = wholemodule;
				VALIDATE_PRODUCT = YES;
			};
			name = Release;
		};
		333695E92C8D6BEF002DBFF8 /* Debug */ = {
			isa = XCBuildConfiguration;
			buildSettings = {
				ASSETCATALOG_COMPILER_APPICON_NAME = AppIcon;
				ASSETCATALOG_COMPILER_GLOBAL_ACCENT_COLOR_NAME = AccentColor;
				CODE_SIGN_STYLE = Automatic;
				CURRENT_PROJECT_VERSION = 1;
				DEVELOPMENT_ASSET_PATHS = "\"Earthdawn Char Manager/Preview Content\"";
				DEVELOPMENT_TEAM = 5V8D34KHHF;
				ENABLE_PREVIEWS = YES;
				GENERATE_INFOPLIST_FILE = YES;
				INFOPLIST_KEY_UIApplicationSceneManifest_Generation = YES;
				INFOPLIST_KEY_UIApplicationSupportsIndirectInputEvents = YES;
				INFOPLIST_KEY_UILaunchScreen_Generation = YES;
				INFOPLIST_KEY_UISupportedInterfaceOrientations_iPad = "UIInterfaceOrientationPortrait UIInterfaceOrientationPortraitUpsideDown UIInterfaceOrientationLandscapeLeft UIInterfaceOrientationLandscapeRight";
				INFOPLIST_KEY_UISupportedInterfaceOrientations_iPhone = "UIInterfaceOrientationPortrait UIInterfaceOrientationLandscapeLeft UIInterfaceOrientationLandscapeRight";
				LD_RUNPATH_SEARCH_PATHS = (
					"$(inherited)",
					"@executable_path/Frameworks",
				);
				MARKETING_VERSION = 1.0;
				PRODUCT_BUNDLE_IDENTIFIER = "com.madarkitekt.Earthdawn-Char-Manager";
				PRODUCT_NAME = "$(TARGET_NAME)";
				SWIFT_EMIT_LOC_STRINGS = YES;
				SWIFT_VERSION = 5.0;
				TARGETED_DEVICE_FAMILY = "1,2";
			};
			name = Debug;
		};
		333695EA2C8D6BEF002DBFF8 /* Release */ = {
			isa = XCBuildConfiguration;
			buildSettings = {
				ASSETCATALOG_COMPILER_APPICON_NAME = AppIcon;
				ASSETCATALOG_COMPILER_GLOBAL_ACCENT_COLOR_NAME = AccentColor;
				CODE_SIGN_STYLE = Automatic;
				CURRENT_PROJECT_VERSION = 1;
				DEVELOPMENT_ASSET_PATHS = "\"Earthdawn Char Manager/Preview Content\"";
				DEVELOPMENT_TEAM = 5V8D34KHHF;
				ENABLE_PREVIEWS = YES;
				GENERATE_INFOPLIST_FILE = YES;
				INFOPLIST_KEY_UIApplicationSceneManifest_Generation = YES;
				INFOPLIST_KEY_UIApplicationSupportsIndirectInputEvents = YES;
				INFOPLIST_KEY_UILaunchScreen_Generation = YES;
				INFOPLIST_KEY_UISupportedInterfaceOrientations_iPad = "UIInterfaceOrientationPortrait UIInterfaceOrientationPortraitUpsideDown UIInterfaceOrientationLandscapeLeft UIInterfaceOrientationLandscapeRight";
				INFOPLIST_KEY_UISupportedInterfaceOrientations_iPhone = "UIInterfaceOrientationPortrait UIInterfaceOrientationLandscapeLeft UIInterfaceOrientationLandscapeRight";
				LD_RUNPATH_SEARCH_PATHS = (
					"$(inherited)",
					"@executable_path/Frameworks",
				);
				MARKETING_VERSION = 1.0;
				PRODUCT_BUNDLE_IDENTIFIER = "com.madarkitekt.Earthdawn-Char-Manager";
				PRODUCT_NAME = "$(TARGET_NAME)";
				SWIFT_EMIT_LOC_STRINGS = YES;
				SWIFT_VERSION = 5.0;
				TARGETED_DEVICE_FAMILY = "1,2";
			};
			name = Release;
		};
		333695EC2C8D6BEF002DBFF8 /* Debug */ = {
			isa = XCBuildConfiguration;
			buildSettings = {
				BUNDLE_LOADER = "$(TEST_HOST)";
				CODE_SIGN_STYLE = Automatic;
				CURRENT_PROJECT_VERSION = 1;
				DEVELOPMENT_TEAM = 5V8D34KHHF;
				GENERATE_INFOPLIST_FILE = YES;
				IPHONEOS_DEPLOYMENT_TARGET = 18.1;
				MARKETING_VERSION = 1.0;
				PRODUCT_BUNDLE_IDENTIFIER = "com.madarkitekt.Earthdawn-Char-ManagerTests";
				PRODUCT_NAME = "$(TARGET_NAME)";
				SWIFT_EMIT_LOC_STRINGS = NO;
				SWIFT_VERSION = 5.0;
				TARGETED_DEVICE_FAMILY = "1,2";
				TEST_HOST = "$(BUILT_PRODUCTS_DIR)/Earthdawn Char Manager.app/$(BUNDLE_EXECUTABLE_FOLDER_PATH)/Earthdawn Char Manager";
			};
			name = Debug;
		};
		333695ED2C8D6BEF002DBFF8 /* Release */ = {
			isa = XCBuildConfiguration;
			buildSettings = {
				BUNDLE_LOADER = "$(TEST_HOST)";
				CODE_SIGN_STYLE = Automatic;
				CURRENT_PROJECT_VERSION = 1;
				DEVELOPMENT_TEAM = 5V8D34KHHF;
				GENERATE_INFOPLIST_FILE = YES;
				IPHONEOS_DEPLOYMENT_TARGET = 18.1;
				MARKETING_VERSION = 1.0;
				PRODUCT_BUNDLE_IDENTIFIER = "com.madarkitekt.Earthdawn-Char-ManagerTests";
				PRODUCT_NAME = "$(TARGET_NAME)";
				SWIFT_EMIT_LOC_STRINGS = NO;
				SWIFT_VERSION = 5.0;
				TARGETED_DEVICE_FAMILY = "1,2";
				TEST_HOST = "$(BUILT_PRODUCTS_DIR)/Earthdawn Char Manager.app/$(BUNDLE_EXECUTABLE_FOLDER_PATH)/Earthdawn Char Manager";
			};
			name = Release;
		};
		333695EF2C8D6BEF002DBFF8 /* Debug */ = {
			isa = XCBuildConfiguration;
			buildSettings = {
				CODE_SIGN_STYLE = Automatic;
				CURRENT_PROJECT_VERSION = 1;
				DEVELOPMENT_TEAM = 5V8D34KHHF;
				GENERATE_INFOPLIST_FILE = YES;
				MARKETING_VERSION = 1.0;
				PRODUCT_BUNDLE_IDENTIFIER = "com.madarkitekt.Earthdawn-Char-ManagerUITests";
				PRODUCT_NAME = "$(TARGET_NAME)";
				SWIFT_EMIT_LOC_STRINGS = NO;
				SWIFT_VERSION = 5.0;
				TARGETED_DEVICE_FAMILY = "1,2";
				TEST_TARGET_NAME = "Earthdawn Char Manager";
			};
			name = Debug;
		};
		333695F02C8D6BEF002DBFF8 /* Release */ = {
			isa = XCBuildConfiguration;
			buildSettings = {
				CODE_SIGN_STYLE = Automatic;
				CURRENT_PROJECT_VERSION = 1;
				DEVELOPMENT_TEAM = 5V8D34KHHF;
				GENERATE_INFOPLIST_FILE = YES;
				MARKETING_VERSION = 1.0;
				PRODUCT_BUNDLE_IDENTIFIER = "com.madarkitekt.Earthdawn-Char-ManagerUITests";
				PRODUCT_NAME = "$(TARGET_NAME)";
				SWIFT_EMIT_LOC_STRINGS = NO;
				SWIFT_VERSION = 5.0;
				TARGETED_DEVICE_FAMILY = "1,2";
				TEST_TARGET_NAME = "Earthdawn Char Manager";
			};
			name = Release;
		};
/* End XCBuildConfiguration section */

/* Begin XCConfigurationList section */
		333695BA2C8D6BED002DBFF8 /* Build configuration list for PBXProject "Earthdawn Char Manager" */ = {
			isa = XCConfigurationList;
			buildConfigurations = (
				333695E62C8D6BEF002DBFF8 /* Debug */,
				333695E72C8D6BEF002DBFF8 /* Release */,
			);
			defaultConfigurationIsVisible = 0;
			defaultConfigurationName = Release;
		};
		333695E82C8D6BEF002DBFF8 /* Build configuration list for PBXNativeTarget "Earthdawn Char Manager" */ = {
			isa = XCConfigurationList;
			buildConfigurations = (
				333695E92C8D6BEF002DBFF8 /* Debug */,
				333695EA2C8D6BEF002DBFF8 /* Release */,
			);
			defaultConfigurationIsVisible = 0;
			defaultConfigurationName = Release;
		};
		333695EB2C8D6BEF002DBFF8 /* Build configuration list for PBXNativeTarget "Earthdawn Char ManagerTests" */ = {
			isa = XCConfigurationList;
			buildConfigurations = (
				333695EC2C8D6BEF002DBFF8 /* Debug */,
				333695ED2C8D6BEF002DBFF8 /* Release */,
			);
			defaultConfigurationIsVisible = 0;
			defaultConfigurationName = Release;
		};
		333695EE2C8D6BEF002DBFF8 /* Build configuration list for PBXNativeTarget "Earthdawn Char ManagerUITests" */ = {
			isa = XCConfigurationList;
			buildConfigurations = (
				333695EF2C8D6BEF002DBFF8 /* Debug */,
				333695F02C8D6BEF002DBFF8 /* Release */,
			);
			defaultConfigurationIsVisible = 0;
			defaultConfigurationName = Release;
		};
/* End XCConfigurationList section */
	};
	rootObject = 333695B72C8D6BED002DBFF8 /* Project object */;
}
